
Microsoft Visual Studio Solution File, Format Version 12.00
# Visual Studio Version 16
VisualStudioVersion = 16.0.30907.101
MinimumVisualStudioVersion = 10.0.40219.1
Project("{FAE04EC0-301F-11D3-BF4B-00C04F79EFBC}") = "BethanysPieShop", "BethanysPieShop\BethanysPieShop.csproj", "{DEC3010A-6B70-4FE9-AE1B-DE8A574FD970}"
EndProject
Global
	GlobalSection(SolutionConfigurationPlatforms) = preSolution
		Debug|Any CPU = Debug|Any CPU
		Release|Any CPU = Release|Any CPU
	EndGlobalSection
	GlobalSection(ProjectConfigurationPlatforms) = postSolution
		{DEC3010A-6B70-4FE9-AE1B-DE8A574FD970}.Debug|Any CPU.ActiveCfg = Debug|Any CPU
		{DEC3010A-6B70-4FE9-AE1B-DE8A574FD970}.Debug|Any CPU.Build.0 = Debug|Any CPU
		{DEC3010A-6B70-4FE9-AE1B-DE8A574FD970}.Release|Any CPU.ActiveCfg = Release|Any CPU
		{DEC3010A-6B70-4FE9-AE1B-DE8A574FD970}.Release|Any CPU.Build.0 = Release|Any CPU
	EndGlobalSection
	GlobalSection(SolutionProperties) = preSolution
		HideSolutionNode = FALSE
	EndGlobalSection
	GlobalSection(ExtensibilityGlobals) = postSolution
		SolutionGuid = {112E9724-C26D-4912-8A0C-0951A5253DF7}
	EndGlobalSection
EndGlobal
